
Microsoft Visual Studio Solution File, Format Version 12.00
# Visual Studio Version 17
VisualStudioVersion = 17.0.31903.59
MinimumVisualStudioVersion = 10.0.40219.1
Project("{2150E333-8FDC-42A3-9474-1A3956D46DE8}") = "src", "src", "{AE40277A-AC90-4873-A834-C172E70364A0}"
EndProject
Project("{FAE04EC0-301F-11D3-BF4B-00C04F79EFBC}") = "HydraPayments.Sdk", "src\HydraPayments.Sdk\HydraPayments.Sdk.csproj", "{81AD3696-87AF-43B8-9F39-EDE2ADB020D4}"
EndProject
Project("{2150E333-8FDC-42A3-9474-1A3956D46DE8}") = "tests", "tests", "{326FEE08-3EA4-44E3-AE8C-200EA2D813BA}"
EndProject
Project("{FAE04EC0-301F-11D3-BF4B-00C04F79EFBC}") = "HydraPayments.Sdk.Tests", "tests\HydraPayments.Sdk.Tests\HydraPayments.Sdk.Tests.csproj", "{E0766251-9A30-4E63-9346-C886FAF7EF19}"
EndProject
Global
	GlobalSection(SolutionConfigurationPlatforms) = preSolution
		Debug|Any CPU = Debug|Any CPU
		Release|Any CPU = Release|Any CPU
	EndGlobalSection
	GlobalSection(SolutionProperties) = preSolution
		HideSolutionNode = FALSE
	EndGlobalSection
	GlobalSection(ProjectConfigurationPlatforms) = postSolution
		{81AD3696-87AF-43B8-9F39-EDE2ADB020D4}.Debug|Any CPU.ActiveCfg = Debug|Any CPU
		{81AD3696-87AF-43B8-9F39-EDE2ADB020D4}.Debug|Any CPU.Build.0 = Debug|Any CPU
		{81AD3696-87AF-43B8-9F39-EDE2ADB020D4}.Release|Any CPU.ActiveCfg = Release|Any CPU
		{81AD3696-87AF-43B8-9F39-EDE2ADB020D4}.Release|Any CPU.Build.0 = Release|Any CPU
		{E0766251-9A30-4E63-9346-C886FAF7EF19}.Debug|Any CPU.ActiveCfg = Debug|Any CPU
		{E0766251-9A30-4E63-9346-C886FAF7EF19}.Debug|Any CPU.Build.0 = Debug|Any CPU
		{E0766251-9A30-4E63-9346-C886FAF7EF19}.Release|Any CPU.ActiveCfg = Release|Any CPU
		{E0766251-9A30-4E63-9346-C886FAF7EF19}.Release|Any CPU.Build.0 = Release|Any CPU
	EndGlobalSection
	GlobalSection(NestedProjects) = preSolution
		{81AD3696-87AF-43B8-9F39-EDE2ADB020D4} = {AE40277A-AC90-4873-A834-C172E70364A0}
		{E0766251-9A30-4E63-9346-C886FAF7EF19} = {326FEE08-3EA4-44E3-AE8C-200EA2D813BA}
	EndGlobalSection
EndGlobal
